<?xml version="1.0" encoding="UTF-8"?>
<Scheme
   LastUpgradeVersion = "0710"
   version = "1.3">
   <BuildAction
      parallelizeBuildables = "YES"
      buildImplicitDependencies = "YES">
      <BuildActionEntries>
         <BuildActionEntry
            buildForTesting = "YES"
            buildForRunning = "YES"
            buildForProfiling = "YES"
            buildForArchiving = "YES"
            buildForAnalyzing = "YES">
            <BuildableReference
               BuildableIdentifier = "primary"
               BlueprintIdentifier = "320A77CA1C02F4A300AAF72C"
               BuildableName = "Tip Calculator Apple Watch.app"
               BlueprintName = "Tip Calculator Apple Watch"
               ReferencedContainer = "container:Tip Calculator.xcodeproj">
            </BuildableReference>
         </BuildActionEntry>
         <BuildActionEntry
            buildForTesting = "YES"
            buildForRunning = "YES"
            buildForProfiling = "YES"
            buildForArchiving = "YES"
            buildForAnalyzing = "YES">
            <BuildableReference
               BuildableIdentifier = "primary"
               BlueprintIdentifier = "320A77D61C02F4A300AAF72C"
               BuildableName = "Tip Calculator Apple Watch Extension.appex"
               BlueprintName = "Tip Calculator Apple Watch Extension"
               ReferencedContainer = "container:Tip Calculator.xcodeproj">
            </BuildableReference>
         </BuildActionEntry>
         <BuildActionEntry
            buildForTesting = "YES"
            buildForRunning = "YES"
            buildForProfiling = "YES"
            buildForArchiving = "YES"
            buildForAnalyzing = "YES">
            <BuildableReference
               BuildableIdentifier = "primary"
               BlueprintIdentifier = "320A77B31C02F45F00AAF72C"
               BuildableName = "Tip Calculator.app"
               BlueprintName = "Tip Calculator"
               ReferencedContainer = "container:Tip Calculator.xcodeproj">
            </BuildableReference>
         </BuildActionEntry>
      </BuildActionEntries>
   </BuildAction>
   <TestAction
      buildConfiguration = "Debug"
      selectedDebuggerIdentifier = "Xcode.DebuggerFoundation.Debugger.LLDB"
      selectedLauncherIdentifier = "Xcode.DebuggerFoundation.Launcher.LLDB"
      shouldUseLaunchSchemeArgsEnv = "YES">
      <Testables>
      </Testables>
      <MacroExpansion>
         <BuildableReference
            BuildableIdentifier = "primary"
            BlueprintIdentifier = "320A77CA1C02F4A300AAF72C"
            BuildableName = "Tip Calculator Apple Watch.app"
            BlueprintName = "Tip Calculator Apple Watch"
            ReferencedContainer = "container:Tip Calculator.xcodeproj">
         </BuildableReference>
      </MacroExpansion>
      <AdditionalOptions>
      </AdditionalOptions>
   </TestAction>
   <LaunchAction
      buildConfiguration = "Debug"
      selectedDebuggerIdentifier = "Xcode.DebuggerFoundation.Debugger.LLDB"
      selectedLauncherIdentifier = "Xcode.DebuggerFoundation.Launcher.LLDB"
      launchStyle = "0"
      useCustomWorkingDirectory = "NO"
      ignoresPersistentStateOnLaunch = "NO"
      debugDocumentVersioning = "YES"
      debugServiceExtension = "internal"
      allowLocationSimulation = "YES">
      <RemoteRunnable
         runnableDebuggingMode = "2"
         BundleIdentifier = "com.apple.carousel"
         RemotePath = "/Tip Calculator">
         <BuildableReference
            BuildableIdentifier = "primary"
            BlueprintIdentifier = "320A77CA1C02F4A300AAF72C"
            BuildableName = "Tip Calculator Apple Watch.app"
            BlueprintName = "Tip Calculator Apple Watch"
            ReferencedContainer = "container:Tip Calculator.xcodeproj">
         </BuildableReference>
      </RemoteRunnable>
      <MacroExpansion>
         <BuildableReference
            BuildableIdentifier = "primary"
            BlueprintIdentifier = "320A77CA1C02F4A300AAF72C"
            BuildableName = "Tip Calculator Apple Watch.app"
            BlueprintName = "Tip Calculator Apple Watch"
            ReferencedContainer = "container:Tip Calculator.xcodeproj">
         </BuildableReference>
      </MacroExpansion>
      <AdditionalOptions>
      </AdditionalOptions>
   </LaunchAction>
   <ProfileAction
      buildConfiguration = "Release"
      shouldUseLaunchSchemeArgsEnv = "YES"
      savedToolIdentifier = ""
      useCustomWorkingDirectory = "NO"
      debugDocumentVersioning = "YES">
      <RemoteRunnable
         runnableDebuggingMode = "2"
         BundleIdentifier = "com.apple.carousel"
         RemotePath = "/Tip Calculator">
         <BuildableReference
            BuildableIdentifier = "primary"
            BlueprintIdentifier = "320A77CA1C02F4A300AAF72C"
            BuildableName = "Tip Calculator Apple Watch.app"
            BlueprintName = "Tip Calculator Apple Watch"
            ReferencedContainer = "container:Tip Calculator.xcodeproj">
         </BuildableReference>
      </RemoteRunnable>
      <MacroExpansion>
         <BuildableReference
            BuildableIdentifier = "primary"
            BlueprintIdentifier = "320A77CA1C02F4A300AAF72C"
            BuildableName = "Tip Calculator Apple Watch.app"
            BlueprintName = "Tip Calculator Apple Watch"
            ReferencedContainer = "container:Tip Calculator.xcodeproj">
         </BuildableReference>
      </MacroExpansion>
   </ProfileAction>
   <AnalyzeAction
      buildConfiguration = "Debug">
   </AnalyzeAction>
   <ArchiveAction
      buildConfiguration = "Release"
      revealArchiveInOrganizer = "YES">
   </ArchiveAction>
</Scheme>
